// !$*UTF8*$!
{
	archiveVersion = 1;
	classes = {
	};
	objectVersion = 56;
	objects = {

/* Begin PBXBuildFile section */
		0665D8132B21566E0001976B /* CryptoTrackerApp.swift in Sources */ = {isa = PBXBuildFile; fileRef = 0665D8122B21566E0001976B /* CryptoTrackerApp.swift */; };
		0665D8152B21566E0001976B /* ContentView.swift in Sources */ = {isa = PBXBuildFile; fileRef = 0665D8142B21566E0001976B /* ContentView.swift */; };
		0665D8172B2156700001976B /* Assets.xcassets in Resources */ = {isa = PBXBuildFile; fileRef = 0665D8162B2156700001976B /* Assets.xcassets */; };
		0665D81A2B2156700001976B /* Preview Assets.xcassets in Resources */ = {isa = PBXBuildFile; fileRef = 0665D8192B2156700001976B /* Preview Assets.xcassets */; };
		0665D8252B21596A0001976B /* Color.swift in Sources */ = {isa = PBXBuildFile; fileRef = 0665D8242B21596A0001976B /* Color.swift */; };
		0665D82A2B215A9A0001976B /* HomeView.swift in Sources */ = {isa = PBXBuildFile; fileRef = 0665D8292B215A9A0001976B /* HomeView.swift */; };
		0665D82D2B215B230001976B /* CircleButtonView.swift in Sources */ = {isa = PBXBuildFile; fileRef = 0665D82C2B215B230001976B /* CircleButtonView.swift */; };
		0665D82F2B215D470001976B /* CircleButtonAnimationView.swift in Sources */ = {isa = PBXBuildFile; fileRef = 0665D82E2B215D470001976B /* CircleButtonAnimationView.swift */; };
		0665D8322B2229200001976B /* Coin.swift in Sources */ = {isa = PBXBuildFile; fileRef = 0665D8312B2229200001976B /* Coin.swift */; };
		0665D8342B222D3E0001976B /* CoinRowView.swift in Sources */ = {isa = PBXBuildFile; fileRef = 0665D8332B222D3E0001976B /* CoinRowView.swift */; };
		0665D8362B222ED10001976B /* Double.swift in Sources */ = {isa = PBXBuildFile; fileRef = 0665D8352B222ED10001976B /* Double.swift */; };
/* End PBXBuildFile section */

/* Begin PBXFileReference section */
		0665D80F2B21566E0001976B /* CryptoTracker.app */ = {isa = PBXFileReference; explicitFileType = wrapper.application; includeInIndex = 0; path = CryptoTracker.app; sourceTree = BUILT_PRODUCTS_DIR; };
		0665D8122B21566E0001976B /* CryptoTrackerApp.swift */ = {isa = PBXFileReference; lastKnownFileType = sourcecode.swift; path = CryptoTrackerApp.swift; sourceTree = "<group>"; };
		0665D8142B21566E0001976B /* ContentView.swift */ = {isa = PBXFileReference; lastKnownFileType = sourcecode.swift; path = ContentView.swift; sourceTree = "<group>"; };
		0665D8162B2156700001976B /* Assets.xcassets */ = {isa = PBXFileReference; lastKnownFileType = folder.assetcatalog; path = Assets.xcassets; sourceTree = "<group>"; };
		0665D8192B2156700001976B /* Preview Assets.xcassets */ = {isa = PBXFileReference; lastKnownFileType = folder.assetcatalog; path = "Preview Assets.xcassets"; sourceTree = "<group>"; };
		0665D8242B21596A0001976B /* Color.swift */ = {isa = PBXFileReference; lastKnownFileType = sourcecode.swift; path = Color.swift; sourceTree = "<group>"; };
		0665D8292B215A9A0001976B /* HomeView.swift */ = {isa = PBXFileReference; lastKnownFileType = sourcecode.swift; path = HomeView.swift; sourceTree = "<group>"; };
		0665D82C2B215B230001976B /* CircleButtonView.swift */ = {isa = PBXFileReference; lastKnownFileType = sourcecode.swift; path = CircleButtonView.swift; sourceTree = "<group>"; };
		0665D82E2B215D470001976B /* CircleButtonAnimationView.swift */ = {isa = PBXFileReference; lastKnownFileType = sourcecode.swift; path = CircleButtonAnimationView.swift; sourceTree = "<group>"; };
		0665D8312B2229200001976B /* Coin.swift */ = {isa = PBXFileReference; lastKnownFileType = sourcecode.swift; path = Coin.swift; sourceTree = "<group>"; };
		0665D8332B222D3E0001976B /* CoinRowView.swift */ = {isa = PBXFileReference; lastKnownFileType = sourcecode.swift; path = CoinRowView.swift; sourceTree = "<group>"; };
		0665D8352B222ED10001976B /* Double.swift */ = {isa = PBXFileReference; lastKnownFileType = sourcecode.swift; path = Double.swift; sourceTree = "<group>"; };
/* End PBXFileReference section */

/* Begin PBXFrameworksBuildPhase section */
		0665D80C2B21566E0001976B /* Frameworks */ = {
			isa = PBXFrameworksBuildPhase;
			buildActionMask = 2147483647;
			files = (
			);
			runOnlyForDeploymentPostprocessing = 0;
		};
/* End PBXFrameworksBuildPhase section */

/* Begin PBXGroup section */
		0665D8062B21566E0001976B = {
			isa = PBXGroup;
			children = (
				0665D8112B21566E0001976B /* CryptoTracker */,
				0665D8102B21566E0001976B /* Products */,
			);
			sourceTree = "<group>";
		};
		0665D8102B21566E0001976B /* Products */ = {
			isa = PBXGroup;
			children = (
				0665D80F2B21566E0001976B /* CryptoTracker.app */,
			);
			name = Products;
			sourceTree = "<group>";
		};
		0665D8112B21566E0001976B /* CryptoTracker */ = {
			isa = PBXGroup;
			children = (
				0665D8232B2159640001976B /* Extensions */,
				0665D8202B21594E0001976B /* App */,
				0665D8302B2229150001976B /* Models */,
				0665D8212B2159570001976B /* Core */,
				0665D8222B21595D0001976B /* Resources */,
				0665D8182B2156700001976B /* Preview Content */,
			);
			path = CryptoTracker;
			sourceTree = "<group>";
		};
		0665D8182B2156700001976B /* Preview Content */ = {
			isa = PBXGroup;
			children = (
				0665D8192B2156700001976B /* Preview Assets.xcassets */,
			);
			path = "Preview Content";
			sourceTree = "<group>";
		};
		0665D8202B21594E0001976B /* App */ = {
			isa = PBXGroup;
			children = (
				0665D8122B21566E0001976B /* CryptoTrackerApp.swift */,
			);
			path = App;
			sourceTree = "<group>";
		};
		0665D8212B2159570001976B /* Core */ = {
			isa = PBXGroup;
			children = (
				0665D82B2B215B090001976B /* Components */,
				0665D8262B215A8B0001976B /* Home */,
				0665D8142B21566E0001976B /* ContentView.swift */,
			);
			path = Core;
			sourceTree = "<group>";
		};
		0665D8222B21595D0001976B /* Resources */ = {
			isa = PBXGroup;
			children = (
				0665D8162B2156700001976B /* Assets.xcassets */,
			);
			path = Resources;
			sourceTree = "<group>";
		};
		0665D8232B2159640001976B /* Extensions */ = {
			isa = PBXGroup;
			children = (
				0665D8242B21596A0001976B /* Color.swift */,
				0665D8352B222ED10001976B /* Double.swift */,
			);
			path = Extensions;
			sourceTree = "<group>";
		};
		0665D8262B215A8B0001976B /* Home */ = {
			isa = PBXGroup;
			children = (
				0665D8282B215A920001976B /* View Model */,
				0665D8272B215A8E0001976B /* Views */,
			);
			path = Home;
			sourceTree = "<group>";
		};
		0665D8272B215A8E0001976B /* Views */ = {
			isa = PBXGroup;
			children = (
				0665D8292B215A9A0001976B /* HomeView.swift */,
				0665D8332B222D3E0001976B /* CoinRowView.swift */,
			);
			path = Views;
			sourceTree = "<group>";
		};
		0665D8282B215A920001976B /* View Model */ = {
			isa = PBXGroup;
			children = (
			);
			path = "View Model";
			sourceTree = "<group>";
		};
		0665D82B2B215B090001976B /* Components */ = {
			isa = PBXGroup;
			children = (
				0665D82C2B215B230001976B /* CircleButtonView.swift */,
				0665D82E2B215D470001976B /* CircleButtonAnimationView.swift */,
			);
			path = Components;
			sourceTree = "<group>";
		};
		0665D8302B2229150001976B /* Models */ = {
			isa = PBXGroup;
			children = (
				0665D8312B2229200001976B /* Coin.swift */,
			);
			path = Models;
			sourceTree = "<group>";
		};
/* End PBXGroup section */

/* Begin PBXNativeTarget section */
		0665D80E2B21566E0001976B /* CryptoTracker */ = {
			isa = PBXNativeTarget;
			buildConfigurationList = 0665D81D2B2156700001976B /* Build configuration list for PBXNativeTarget "CryptoTracker" */;
			buildPhases = (
				0665D80B2B21566E0001976B /* Sources */,
				0665D80C2B21566E0001976B /* Frameworks */,
				0665D80D2B21566E0001976B /* Resources */,
			);
			buildRules = (
			);
			dependencies = (
			);
			name = CryptoTracker;
			productName = CryptoTracker;
			productReference = 0665D80F2B21566E0001976B /* CryptoTracker.app */;
			productType = "com.apple.product-type.application";
		};
/* End PBXNativeTarget section */

/* Begin PBXProject section */
		0665D8072B21566E0001976B /* Project object */ = {
			isa = PBXProject;
			attributes = {
				BuildIndependentTargetsInParallel = 1;
				LastSwiftUpdateCheck = 1500;
				LastUpgradeCheck = 1500;
				TargetAttributes = {
					0665D80E2B21566E0001976B = {
						CreatedOnToolsVersion = 15.0.1;
					};
				};
			};
			buildConfigurationList = 0665D80A2B21566E0001976B /* Build configuration list for PBXProject "CryptoTracker" */;
			compatibilityVersion = "Xcode 14.0";
			developmentRegion = en;
			hasScannedForEncodings = 0;
			knownRegions = (
				en,
				Base,
			);
			mainGroup = 0665D8062B21566E0001976B;
			productRefGroup = 0665D8102B21566E0001976B /* Products */;
			projectDirPath = "";
			projectRoot = "";
			targets = (
				0665D80E2B21566E0001976B /* CryptoTracker */,
			);
		};
/* End PBXProject section */

/* Begin PBXResourcesBuildPhase section */
		0665D80D2B21566E0001976B /* Resources */ = {
			isa = PBXResourcesBuildPhase;
			buildActionMask = 2147483647;
			files = (
				0665D81A2B2156700001976B /* Preview Assets.xcassets in Resources */,
				0665D8172B2156700001976B /* Assets.xcassets in Resources */,
			);
			runOnlyForDeploymentPostprocessing = 0;
		};
/* End PBXResourcesBuildPhase section */

/* Begin PBXSourcesBuildPhase section */
		0665D80B2B21566E0001976B /* Sources */ = {
			isa = PBXSourcesBuildPhase;
			buildActionMask = 2147483647;
			files = (
				0665D8342B222D3E0001976B /* CoinRowView.swift in Sources */,
				0665D8152B21566E0001976B /* ContentView.swift in Sources */,
				0665D82A2B215A9A0001976B /* HomeView.swift in Sources */,
				0665D8132B21566E0001976B /* CryptoTrackerApp.swift in Sources */,
				0665D82D2B215B230001976B /* CircleButtonView.swift in Sources */,
				0665D8252B21596A0001976B /* Color.swift in Sources */,
				0665D82F2B215D470001976B /* CircleButtonAnimationView.swift in Sources */,
				0665D8362B222ED10001976B /* Double.swift in Sources */,
				0665D8322B2229200001976B /* Coin.swift in Sources */,
			);
			runOnlyForDeploymentPostprocessing = 0;
		};
/* End PBXSourcesBuildPhase section */

/* Begin XCBuildConfiguration section */
		0665D81B2B2156700001976B /* Debug */ = {
			isa = XCBuildConfiguration;
			buildSettings = {
				ALWAYS_SEARCH_USER_PATHS = NO;
				ASSETCATALOG_COMPILER_GENERATE_SWIFT_ASSET_SYMBOL_EXTENSIONS = YES;
				CLANG_ANALYZER_NONNULL = YES;
				CLANG_ANALYZER_NUMBER_OBJECT_CONVERSION = YES_AGGRESSIVE;
				CLANG_CXX_LANGUAGE_STANDARD = "gnu++20";
				CLANG_ENABLE_MODULES = YES;
				CLANG_ENABLE_OBJC_ARC = YES;
				CLANG_ENABLE_OBJC_WEAK = YES;
				CLANG_WARN_BLOCK_CAPTURE_AUTORELEASING = YES;
				CLANG_WARN_BOOL_CONVERSION = YES;
				CLANG_WARN_COMMA = YES;
				CLANG_WARN_CONSTANT_CONVERSION = YES;
				CLANG_WARN_DEPRECATED_OBJC_IMPLEMENTATIONS = YES;
				CLANG_WARN_DIRECT_OBJC_ISA_USAGE = YES_ERROR;
				CLANG_WARN_DOCUMENTATION_COMMENTS = YES;
				CLANG_WARN_EMPTY_BODY = YES;
				CLANG_WARN_ENUM_CONVERSION = YES;
				CLANG_WARN_INFINITE_RECURSION = YES;
				CLANG_WARN_INT_CONVERSION = YES;
				CLANG_WARN_NON_LITERAL_NULL_CONVERSION = YES;
				CLANG_WARN_OBJC_IMPLICIT_RETAIN_SELF = YES;
				CLANG_WARN_OBJC_LITERAL_CONVERSION = YES;
				CLANG_WARN_OBJC_ROOT_CLASS = YES_ERROR;
				CLANG_WARN_QUOTED_INCLUDE_IN_FRAMEWORK_HEADER = YES;
				CLANG_WARN_RANGE_LOOP_ANALYSIS = YES;
				CLANG_WARN_STRICT_PROTOTYPES = YES;
				CLANG_WARN_SUSPICIOUS_MOVE = YES;
				CLANG_WARN_UNGUARDED_AVAILABILITY = YES_AGGRESSIVE;
				CLANG_WARN_UNREACHABLE_CODE = YES;
				CLANG_WARN__DUPLICATE_METHOD_MATCH = YES;
				COPY_PHASE_STRIP = NO;
				DEBUG_INFORMATION_FORMAT = dwarf;
				ENABLE_STRICT_OBJC_MSGSEND = YES;
				ENABLE_TESTABILITY = YES;
				ENABLE_USER_SCRIPT_SANDBOXING = YES;
				GCC_C_LANGUAGE_STANDARD = gnu17;
				GCC_DYNAMIC_NO_PIC = NO;
				GCC_NO_COMMON_BLOCKS = YES;
				GCC_OPTIMIZATION_LEVEL = 0;
				GCC_PREPROCESSOR_DEFINITIONS = (
					"DEBUG=1",
					"$(inherited)",
				);
				GCC_WARN_64_TO_32_BIT_CONVERSION = YES;
				GCC_WARN_ABOUT_RETURN_TYPE = YES_ERROR;
				GCC_WARN_UNDECLARED_SELECTOR = YES;
				GCC_WARN_UNINITIALIZED_AUTOS = YES_AGGRESSIVE;
				GCC_WARN_UNUSED_FUNCTION = YES;
				GCC_WARN_UNUSED_VARIABLE = YES;
				IPHONEOS_DEPLOYMENT_TARGET = 17.0;
				LOCALIZATION_PREFERS_STRING_CATALOGS = YES;
				MTL_ENABLE_DEBUG_INFO = INCLUDE_SOURCE;
				MTL_FAST_MATH = YES;
				ONLY_ACTIVE_ARCH = YES;
				SDKROOT = iphoneos;
				SWIFT_ACTIVE_COMPILATION_CONDITIONS = "DEBUG $(inherited)";
				SWIFT_OPTIMIZATION_LEVEL = "-Onone";
			};
			name = Debug;
		};
		0665D81C2B2156700001976B /* Release */ = {
			isa = XCBuildConfiguration;
			buildSettings = {
				ALWAYS_SEARCH_USER_PATHS = NO;
				ASSETCATALOG_COMPILER_GENERATE_SWIFT_ASSET_SYMBOL_EXTENSIONS = YES;
				CLANG_ANALYZER_NONNULL = YES;
				CLANG_ANALYZER_NUMBER_OBJECT_CONVERSION = YES_AGGRESSIVE;
				CLANG_CXX_LANGUAGE_STANDARD = "gnu++20";
				CLANG_ENABLE_MODULES = YES;
				CLANG_ENABLE_OBJC_ARC = YES;
				CLANG_ENABLE_OBJC_WEAK = YES;
				CLANG_WARN_BLOCK_CAPTURE_AUTORELEASING = YES;
				CLANG_WARN_BOOL_CONVERSION = YES;
				CLANG_WARN_COMMA = YES;
				CLANG_WARN_CONSTANT_CONVERSION = YES;
				CLANG_WARN_DEPRECATED_OBJC_IMPLEMENTATIONS = YES;
				CLANG_WARN_DIRECT_OBJC_ISA_USAGE = YES_ERROR;
				CLANG_WARN_DOCUMENTATION_COMMENTS = YES;
				CLANG_WARN_EMPTY_BODY = YES;
				CLANG_WARN_ENUM_CONVERSION = YES;
				CLANG_WARN_INFINITE_RECURSION = YES;
				CLANG_WARN_INT_CONVERSION = YES;
				CLANG_WARN_NON_LITERAL_NULL_CONVERSION = YES;
				CLANG_WARN_OBJC_IMPLICIT_RETAIN_SELF = YES;
				CLANG_WARN_OBJC_LITERAL_CONVERSION = YES;
				CLANG_WARN_OBJC_ROOT_CLASS = YES_ERROR;
				CLANG_WARN_QUOTED_INCLUDE_IN_FRAMEWORK_HEADER = YES;
				CLANG_WARN_RANGE_LOOP_ANALYSIS = YES;
				CLANG_WARN_STRICT_PROTOTYPES = YES;
				CLANG_WARN_SUSPICIOUS_MOVE = YES;
				CLANG_WARN_UNGUARDED_AVAILABILITY = YES_AGGRESSIVE;
				CLANG_WARN_UNREACHABLE_CODE = YES;
				CLANG_WARN__DUPLICATE_METHOD_MATCH = YES;
				COPY_PHASE_STRIP = NO;
				DEBUG_INFORMATION_FORMAT = "dwarf-with-dsym";
				ENABLE_NS_ASSERTIONS = NO;
				ENABLE_STRICT_OBJC_MSGSEND = YES;
				ENABLE_USER_SCRIPT_SANDBOXING = YES;
				GCC_C_LANGUAGE_STANDARD = gnu17;
				GCC_NO_COMMON_BLOCKS = YES;
				GCC_WARN_64_TO_32_BIT_CONVERSION = YES;
				GCC_WARN_ABOUT_RETURN_TYPE = YES_ERROR;
				GCC_WARN_UNDECLARED_SELECTOR = YES;
				GCC_WARN_UNINITIALIZED_AUTOS = YES_AGGRESSIVE;
				GCC_WARN_UNUSED_FUNCTION = YES;
				GCC_WARN_UNUSED_VARIABLE = YES;
				IPHONEOS_DEPLOYMENT_TARGET = 17.0;
				LOCALIZATION_PREFERS_STRING_CATALOGS = YES;
				MTL_ENABLE_DEBUG_INFO = NO;
				MTL_FAST_MATH = YES;
				SDKROOT = iphoneos;
				SWIFT_COMPILATION_MODE = wholemodule;
				VALIDATE_PRODUCT = YES;
			};
			name = Release;
		};
		0665D81E2B2156700001976B /* Debug */ = {
			isa = XCBuildConfiguration;
			buildSettings = {
				ASSETCATALOG_COMPILER_APPICON_NAME = AppIcon;
				ASSETCATALOG_COMPILER_GLOBAL_ACCENT_COLOR_NAME = AccentColor;
				CODE_SIGN_STYLE = Automatic;
				CURRENT_PROJECT_VERSION = 1;
				DEVELOPMENT_ASSET_PATHS = "\"CryptoTracker/Preview Content\"";
				DEVELOPMENT_TEAM = 8E8Q7DXN33;
				ENABLE_PREVIEWS = YES;
				GENERATE_INFOPLIST_FILE = YES;
				INFOPLIST_KEY_CFBundleDisplayName = "Crypto Tracker";
				INFOPLIST_KEY_UIApplicationSceneManifest_Generation = YES;
				INFOPLIST_KEY_UIApplicationSupportsIndirectInputEvents = YES;
				INFOPLIST_KEY_UILaunchScreen_Generation = YES;
				INFOPLIST_KEY_UISupportedInterfaceOrientations = UIInterfaceOrientationPortrait;
				LD_RUNPATH_SEARCH_PATHS = (
					"$(inherited)",
					"@executable_path/Frameworks",
				);
				MARKETING_VERSION = 1.0;
				PRODUCT_BUNDLE_IDENTIFIER = com.CryptoTracker;
				PRODUCT_NAME = "$(TARGET_NAME)";
				SUPPORTED_PLATFORMS = "iphoneos iphonesimulator";
				SUPPORTS_MACCATALYST = NO;
				SUPPORTS_MAC_DESIGNED_FOR_IPHONE_IPAD = NO;
				SWIFT_EMIT_LOC_STRINGS = YES;
				SWIFT_VERSION = 5.0;
				TARGETED_DEVICE_FAMILY = "1,2";
			};
			name = Debug;
		};
		0665D81F2B2156700001976B /* Release */ = {
			isa = XCBuildConfiguration;
			buildSettings = {
				ASSETCATALOG_COMPILER_APPICON_NAME = AppIcon;
				ASSETCATALOG_COMPILER_GLOBAL_ACCENT_COLOR_NAME = AccentColor;
				CODE_SIGN_STYLE = Automatic;
				CURRENT_PROJECT_VERSION = 1;
				DEVELOPMENT_ASSET_PATHS = "\"CryptoTracker/Preview Content\"";
				DEVELOPMENT_TEAM = 8E8Q7DXN33;
				ENABLE_PREVIEWS = YES;
				GENERATE_INFOPLIST_FILE = YES;
				INFOPLIST_KEY_CFBundleDisplayName = "Crypto Tracker";
				INFOPLIST_KEY_UIApplicationSceneManifest_Generation = YES;
				INFOPLIST_KEY_UIApplicationSupportsIndirectInputEvents = YES;
				INFOPLIST_KEY_UILaunchScreen_Generation = YES;
				INFOPLIST_KEY_UISupportedInterfaceOrientations = UIInterfaceOrientationPortrait;
				LD_RUNPATH_SEARCH_PATHS = (
					"$(inherited)",
					"@executable_path/Frameworks",
				);
				MARKETING_VERSION = 1.0;
				PRODUCT_BUNDLE_IDENTIFIER = com.CryptoTracker;
				PRODUCT_NAME = "$(TARGET_NAME)";
				SUPPORTED_PLATFORMS = "iphoneos iphonesimulator";
				SUPPORTS_MACCATALYST = NO;
				SUPPORTS_MAC_DESIGNED_FOR_IPHONE_IPAD = NO;
				SWIFT_EMIT_LOC_STRINGS = YES;
				SWIFT_VERSION = 5.0;
				TARGETED_DEVICE_FAMILY = "1,2";
			};
			name = Release;
		};
/* End XCBuildConfiguration section */

/* Begin XCConfigurationList section */
		0665D80A2B21566E0001976B /* Build configuration list for PBXProject "CryptoTracker" */ = {
			isa = XCConfigurationList;
			buildConfigurations = (
				0665D81B2B2156700001976B /* Debug */,
				0665D81C2B2156700001976B /* Release */,
			);
			defaultConfigurationIsVisible = 0;
			defaultConfigurationName = Release;
		};
		0665D81D2B2156700001976B /* Build configuration list for PBXNativeTarget "CryptoTracker" */ = {
			isa = XCConfigurationList;
			buildConfigurations = (
				0665D81E2B2156700001976B /* Debug */,
				0665D81F2B2156700001976B /* Release */,
			);
			defaultConfigurationIsVisible = 0;
			defaultConfigurationName = Release;
		};
/* End XCConfigurationList section */
	};
	rootObject = 0665D8072B21566E0001976B /* Project object */;
}
